
Microsoft Visual Studio Solution File, Format Version 12.00
# Visual Studio Version 16
VisualStudioVersion = 16.0.31515.178
MinimumVisualStudioVersion = 10.0.40219.1
Project("{FAE04EC0-301F-11D3-BF4B-00C04F79EFBC}") = "MagicalPin", "MagicalPin\MagicalPin.csproj", "{3E1F6FD2-7509-4FA6-B762-FEEA87706D7D}"
EndProject
Project("{FAE04EC0-301F-11D3-BF4B-00C04F79EFBC}") = "MagicalPinServer", "MagicalPinServer\MagicalPinServer.csproj", "{15222CD1-F69D-4EE7-BD72-F6405517C209}"
EndProject
Global
	GlobalSection(SolutionConfigurationPlatforms) = preSolution
		Debug|Any CPU = Debug|Any CPU
		Release|Any CPU = Release|Any CPU
	EndGlobalSection
	GlobalSection(ProjectConfigurationPlatforms) = postSolution
		{3E1F6FD2-7509-4FA6-B762-FEEA87706D7D}.Debug|Any CPU.ActiveCfg = Debug|Any CPU
		{3E1F6FD2-7509-4FA6-B762-FEEA87706D7D}.Debug|Any CPU.Build.0 = Debug|Any CPU
		{3E1F6FD2-7509-4FA6-B762-FEEA87706D7D}.Release|Any CPU.ActiveCfg = Release|Any CPU
		{3E1F6FD2-7509-4FA6-B762-FEEA87706D7D}.Release|Any CPU.Build.0 = Release|Any CPU
		{15222CD1-F69D-4EE7-BD72-F6405517C209}.Debug|Any CPU.ActiveCfg = Debug|Any CPU
		{15222CD1-F69D-4EE7-BD72-F6405517C209}.Debug|Any CPU.Build.0 = Debug|Any CPU
		{15222CD1-F69D-4EE7-BD72-F6405517C209}.Release|Any CPU.ActiveCfg = Release|Any CPU
		{15222CD1-F69D-4EE7-BD72-F6405517C209}.Release|Any CPU.Build.0 = Release|Any CPU
	EndGlobalSection
	GlobalSection(SolutionProperties) = preSolution
		HideSolutionNode = FALSE
	EndGlobalSection
	GlobalSection(ExtensibilityGlobals) = postSolution
		SolutionGuid = {FEBABE8A-47D8-4FAC-B68D-573C12773ABB}
	EndGlobalSection
EndGlobal
